{
  "version": 4,
  "terraform_version": "1.6.4",
  "serial": 16,
  "lineage": "5c228f35-019f-e49b-97b5-58e77a689027",
  "outputs": {},
  "resources": [
    {
      "mode": "data",
      "type": "google_firebase_web_app_config",
      "name": "example",
      "provider": "provider[\"registry.terraform.io/hashicorp/google-beta\"]",
      "instances": [
        {
          "schema_version": 0,
          "attributes": {
            "api_key": "AIzaSyAA4ly-O4QcRQayP2Y8HPr0cgjQdkasaz0",
            "auth_domain": "deshkiawaaz-e492a.firebaseapp.com",
            "database_url": "",
            "id": "1:791882445650:web:a6f06f5eb7b0ceb8a0408b",
            "location_id": "",
            "measurement_id": "",
            "messaging_sender_id": "791882445650",
            "project": "deshkiawaaz-e492a",
            "storage_bucket": "deshkiawaaz-e492a.firebasestorage.app",
            "web_app_id": "1:791882445650:web:a6f06f5eb7b0ceb8a0408b"
          },
          "sensitive_attributes": []
        }
      ]
    },
    {
      "mode": "data",
      "type": "google_project",
      "name": "project",
      "provider": "provider[\"registry.terraform.io/hashicorp/google-beta\"]",
      "instances": [
        {
          "schema_version": 0,
          "attributes": {
            "auto_create_network": null,
            "billing_account": null,
            "deletion_policy": "DELETE",
            "effective_labels": {
              "firebase": "enabled",
              "firebase-core": "disabled"
            },
            "folder_id": null,
            "id": "projects/deshkiawaaz-e492a",
            "labels": {
              "firebase": "enabled",
              "firebase-core": "disabled"
            },
            "name": "deshkiawaaz",
            "number": "791882445650",
            "org_id": null,
            "project_id": "deshkiawaaz-e492a",
            "skip_delete": null,
            "terraform_labels": {
              "firebase": "enabled",
              "firebase-core": "disabled"
            }
          },
          "sensitive_attributes": []
        }
      ]
    },
    {
      "mode": "managed",
      "type": "google_apikeys_key",
      "name": "generativelanguage",
      "provider": "provider[\"registry.terraform.io/hashicorp/google-beta\"]",
      "instances": [
        {
          "schema_version": 0,
          "attributes": {
            "display_name": "Gemini API Key",
            "id": "projects/deshkiawaaz-e492a/locations/global/keys/gemini-api-key",
            "key_string": "AIzaSyAlEhZlbo5Ggv77s7hMDp35UOno7OE5R_o",
            "name": "gemini-api-key",
            "project": "deshkiawaaz-e492a",
            "restrictions": [
              {
                "android_key_restrictions": [],
                "api_targets": [
                  {
                    "methods": null,
                    "service": "generativelanguage.googleapis.com"
                  }
                ],
                "browser_key_restrictions": [
                  {
                    "allowed_referrers": [
                      "*"
                    ]
                  }
                ],
                "ios_key_restrictions": [],
                "server_key_restrictions": []
              }
            ],
            "timeouts": null,
            "uid": "2301ae30-48f2-45b0-98ae-58e464957a13"
          },
          "sensitive_attributes": [],
          "private": "eyJlMmJmYjczMC1lY2FhLTExZTYtOGY4OC0zNDM2M2JjN2M0YzAiOnsiY3JlYXRlIjoxMjAwMDAwMDAwMDAwLCJkZWxldGUiOjEyMDAwMDAwMDAwMDAsInVwZGF0ZSI6MTIwMDAwMDAwMDAwMH19",
          "dependencies": [
            "google_project_service.services"
          ]
        }
      ]
    },
    {
      "mode": "managed",
      "type": "google_firebase_web_app",
      "name": "example",
      "provider": "provider[\"registry.terraform.io/hashicorp/google-beta\"]",
      "instances": [
        {
          "schema_version": 0,
          "attributes": {
            "api_key_id": "89fb7ae9-9084-4675-b3b9-6d337dcac4ef",
            "app_id": "1:791882445650:web:a6f06f5eb7b0ceb8a0408b",
            "app_urls": [],
            "deletion_policy": "DELETE",
            "display_name": "Make It So AI!",
            "id": "projects/deshkiawaaz-e492a/webApps/1:791882445650:web:a6f06f5eb7b0ceb8a0408b",
            "name": "projects/deshkiawaaz-e492a/webApps/1:791882445650:web:a6f06f5eb7b0ceb8a0408b",
            "project": "deshkiawaaz-e492a",
            "timeouts": null
          },
          "sensitive_attributes": [],
          "private": "eyJlMmJmYjczMC1lY2FhLTExZTYtOGY4OC0zNDM2M2JjN2M0YzAiOnsiY3JlYXRlIjoxMjAwMDAwMDAwMDAwLCJkZWxldGUiOjEyMDAwMDAwMDAwMDAsInVwZGF0ZSI6MTIwMDAwMDAwMDAwMH19"
        }
      ]
    },
    {
      "mode": "managed",
      "type": "google_firebaserules_release",
      "name": "firestore",
      "provider": "provider[\"registry.terraform.io/hashicorp/google-beta\"]",
      "instances": [
        {
          "schema_version": 0,
          "attributes": {
            "create_time": "2025-04-11T04:49:52.600535Z",
            "disabled": false,
            "id": "projects/deshkiawaaz-e492a/releases/cloud.firestore",
            "name": "cloud.firestore",
            "project": "deshkiawaaz-e492a",
            "ruleset_name": "f64645e1-9500-43e8-b315-f25cfdf3bd3e",
            "timeouts": null,
            "update_time": "2025-04-11T04:49:52.600535Z"
          },
          "sensitive_attributes": [],
          "private": "eyJlMmJmYjczMC1lY2FhLTExZTYtOGY4OC0zNDM2M2JjN2M0YzAiOnsiY3JlYXRlIjoxMjAwMDAwMDAwMDAwLCJkZWxldGUiOjEyMDAwMDAwMDAwMDB9fQ==",
          "dependencies": [
            "google_firebaserules_ruleset.firestore",
            "google_firestore_database.database",
            "google_project_service.services",
            "local_file.firestore_rules"
          ]
        }
      ]
    },
    {
      "mode": "managed",
      "type": "google_firebaserules_ruleset",
      "name": "firestore",
      "provider": "provider[\"registry.terraform.io/hashicorp/google-beta\"]",
      "instances": [
        {
          "schema_version": 0,
          "attributes": {
            "create_time": "2025-04-11T04:49:49.296241Z",
            "id": "projects/deshkiawaaz-e492a/rulesets/f64645e1-9500-43e8-b315-f25cfdf3bd3e",
            "metadata": [
              {
                "services": [
                  "cloud.firestore"
                ]
              }
            ],
            "name": "f64645e1-9500-43e8-b315-f25cfdf3bd3e",
            "project": "deshkiawaaz-e492a",
            "source": [
              {
                "files": [
                  {
                    "content": "service cloud.firestore {\n  match /databases/{database}/documents/{document=**} {\n    allow read, write: if request.auth != null \u0026\u0026 request.time \u003c timestamp.date(2025, 5, 11);\n  }\n}\n",
                    "fingerprint": "",
                    "name": "firestore.rules"
                  }
                ],
                "language": ""
              }
            ],
            "timeouts": null
          },
          "sensitive_attributes": [],
          "private": "eyJlMmJmYjczMC1lY2FhLTExZTYtOGY4OC0zNDM2M2JjN2M0YzAiOnsiY3JlYXRlIjoxMjAwMDAwMDAwMDAwLCJkZWxldGUiOjEyMDAwMDAwMDAwMDB9fQ==",
          "dependencies": [
            "google_firestore_database.database",
            "google_project_service.services",
            "local_file.firestore_rules"
          ]
        }
      ]
    },
    {
      "mode": "managed",
      "type": "google_firestore_database",
      "name": "database",
      "provider": "provider[\"registry.terraform.io/hashicorp/google-beta\"]",
      "instances": [
        {
          "schema_version": 0,
          "attributes": {
            "app_engine_integration_mode": "DISABLED",
            "cmek_config": [],
            "concurrency_mode": "PESSIMISTIC",
            "create_time": "",
            "delete_protection_state": "DELETE_PROTECTION_DISABLED",
            "deletion_policy": "ABANDON",
            "earliest_version_time": "2025-04-11T04:49:36.462807Z",
            "etag": "IMrQ4fSWz4wDMNfPlu+Wz4wD",
            "id": "projects/deshkiawaaz-e492a/databases/(default)",
            "key_prefix": "",
            "location_id": "nam5",
            "name": "(default)",
            "point_in_time_recovery_enablement": "POINT_IN_TIME_RECOVERY_DISABLED",
            "project": "deshkiawaaz-e492a",
            "timeouts": null,
            "type": "FIRESTORE_NATIVE",
            "uid": "c838e3e5-2411-47e8-ae11-584b8be48f81",
            "update_time": "",
            "version_retention_period": "3600s"
          },
          "sensitive_attributes": [],
          "private": "eyJlMmJmYjczMC1lY2FhLTExZTYtOGY4OC0zNDM2M2JjN2M0YzAiOnsiY3JlYXRlIjoxMjAwMDAwMDAwMDAwLCJkZWxldGUiOjEyMDAwMDAwMDAwMDAsInVwZGF0ZSI6MTIwMDAwMDAwMDAwMH19",
          "dependencies": [
            "google_project_service.services"
          ]
        }
      ]
    },
    {
      "mode": "managed",
      "type": "google_project_service",
      "name": "services",
      "provider": "provider[\"registry.terraform.io/hashicorp/google-beta\"]",
      "instances": [
        {
          "index_key": "apikeys.googleapis.com",
          "schema_version": 0,
          "attributes": {
            "check_if_service_has_usage_on_destroy": false,
            "disable_dependent_services": null,
            "disable_on_destroy": false,
            "id": "deshkiawaaz-e492a/apikeys.googleapis.com",
            "project": "deshkiawaaz-e492a",
            "service": "apikeys.googleapis.com",
            "timeouts": null
          },
          "sensitive_attributes": [],
          "private": "eyJlMmJmYjczMC1lY2FhLTExZTYtOGY4OC0zNDM2M2JjN2M0YzAiOnsiY3JlYXRlIjoxMjAwMDAwMDAwMDAwLCJkZWxldGUiOjEyMDAwMDAwMDAwMDAsInJlYWQiOjYwMDAwMDAwMDAwMCwidXBkYXRlIjoxMjAwMDAwMDAwMDAwfX0="
        },
        {
          "index_key": "firebaserules.googleapis.com",
          "schema_version": 0,
          "attributes": {
            "check_if_service_has_usage_on_destroy": false,
            "disable_dependent_services": null,
            "disable_on_destroy": false,
            "id": "deshkiawaaz-e492a/firebaserules.googleapis.com",
            "project": "deshkiawaaz-e492a",
            "service": "firebaserules.googleapis.com",
            "timeouts": null
          },
          "sensitive_attributes": [],
          "private": "eyJlMmJmYjczMC1lY2FhLTExZTYtOGY4OC0zNDM2M2JjN2M0YzAiOnsiY3JlYXRlIjoxMjAwMDAwMDAwMDAwLCJkZWxldGUiOjEyMDAwMDAwMDAwMDAsInJlYWQiOjYwMDAwMDAwMDAwMCwidXBkYXRlIjoxMjAwMDAwMDAwMDAwfX0="
        },
        {
          "index_key": "firestore.googleapis.com",
          "schema_version": 0,
          "attributes": {
            "check_if_service_has_usage_on_destroy": false,
            "disable_dependent_services": null,
            "disable_on_destroy": false,
            "id": "deshkiawaaz-e492a/firestore.googleapis.com",
            "project": "deshkiawaaz-e492a",
            "service": "firestore.googleapis.com",
            "timeouts": null
          },
          "sensitive_attributes": [],
          "private": "eyJlMmJmYjczMC1lY2FhLTExZTYtOGY4OC0zNDM2M2JjN2M0YzAiOnsiY3JlYXRlIjoxMjAwMDAwMDAwMDAwLCJkZWxldGUiOjEyMDAwMDAwMDAwMDAsInJlYWQiOjYwMDAwMDAwMDAwMCwidXBkYXRlIjoxMjAwMDAwMDAwMDAwfX0="
        },
        {
          "index_key": "generativelanguage.googleapis.com",
          "schema_version": 0,
          "attributes": {
            "check_if_service_has_usage_on_destroy": false,
            "disable_dependent_services": null,
            "disable_on_destroy": false,
            "id": "deshkiawaaz-e492a/generativelanguage.googleapis.com",
            "project": "deshkiawaaz-e492a",
            "service": "generativelanguage.googleapis.com",
            "timeouts": null
          },
          "sensitive_attributes": [],
          "private": "eyJlMmJmYjczMC1lY2FhLTExZTYtOGY4OC0zNDM2M2JjN2M0YzAiOnsiY3JlYXRlIjoxMjAwMDAwMDAwMDAwLCJkZWxldGUiOjEyMDAwMDAwMDAwMDAsInJlYWQiOjYwMDAwMDAwMDAwMCwidXBkYXRlIjoxMjAwMDAwMDAwMDAwfX0="
        },
        {
          "index_key": "serviceusage.googleapis.com",
          "schema_version": 0,
          "attributes": {
            "check_if_service_has_usage_on_destroy": false,
            "disable_dependent_services": null,
            "disable_on_destroy": false,
            "id": "deshkiawaaz-e492a/serviceusage.googleapis.com",
            "project": "deshkiawaaz-e492a",
            "service": "serviceusage.googleapis.com",
            "timeouts": null
          },
          "sensitive_attributes": [],
          "private": "eyJlMmJmYjczMC1lY2FhLTExZTYtOGY4OC0zNDM2M2JjN2M0YzAiOnsiY3JlYXRlIjoxMjAwMDAwMDAwMDAwLCJkZWxldGUiOjEyMDAwMDAwMDAwMDAsInJlYWQiOjYwMDAwMDAwMDAwMCwidXBkYXRlIjoxMjAwMDAwMDAwMDAwfX0="
        }
      ]
    },
    {
      "mode": "managed",
      "type": "google_service_usage_consumer_quota_override",
      "name": "generativelanguage",
      "provider": "provider[\"registry.terraform.io/hashicorp/google-beta\"]",
      "instances": [
        {
          "schema_version": 0,
          "attributes": {
            "dimensions": null,
            "force": true,
            "id": "projects/deshkiawaaz-e492a/services/generativelanguage.googleapis.com/consumerQuotaMetrics/generativelanguage.googleapis.com%2Fgenerate_requests_per_model/limits/%2Fmin%2Fmodel%2Fproject/consumerOverrides/Cg1RdW90YU92ZXJyaWRl",
            "limit": "%2Fmin%2Fmodel%2Fproject",
            "metric": "generativelanguage.googleapis.com%2Fgenerate_requests_per_model",
            "name": "Cg1RdW90YU92ZXJyaWRl",
            "override_value": "10",
            "project": "deshkiawaaz-e492a",
            "service": "generativelanguage.googleapis.com",
            "timeouts": null
          },
          "sensitive_attributes": [],
          "private": "eyJlMmJmYjczMC1lY2FhLTExZTYtOGY4OC0zNDM2M2JjN2M0YzAiOnsiY3JlYXRlIjoxMjAwMDAwMDAwMDAwLCJkZWxldGUiOjEyMDAwMDAwMDAwMDAsInVwZGF0ZSI6MTIwMDAwMDAwMDAwMH19",
          "dependencies": [
            "google_project_service.services"
          ]
        }
      ]
    },
    {
      "mode": "managed",
      "type": "local_file",
      "name": "environment_ts",
      "provider": "provider[\"registry.terraform.io/hashicorp/local\"]",
      "instances": [
        {
          "schema_version": 0,
          "attributes": {
            "content": "export const environment = {\n  firebase: {\n      apiKey: 'AIzaSyAA4ly-O4QcRQayP2Y8HPr0cgjQdkasaz0',\n      authDomain: 'deshkiawaaz-e492a.firebaseapp.com',\n      databaseURL: '',\n      projectId: 'deshkiawaaz-e492a',\n      storageBucket: 'deshkiawaaz-e492a.firebasestorage.app',\n      messagingSenderId: '791882445650',\n      appId: '1:791882445650:web:a6f06f5eb7b0ceb8a0408b',\n      measurementId: '',\n  },\n  gemini_api_key: 'AIzaSyAlEhZlbo5Ggv77s7hMDp35UOno7OE5R_o',\n  debug_token: ''\n};",
            "content_base64": null,
            "content_base64sha256": "Z/C6QSdbVr8WRyxtDjKl14wM84YoTw4YzxuitI8ifDM=",
            "content_base64sha512": "Ge7gjOkxLwE+y4AVodNe/icNx3Q3QNzJYSsKtNPyry+cf5PwNzaDi+v0XYajJaFdJ2Hh03E3nL96EHceDJUC6Q==",
            "content_md5": "ee71ddc67117167a7bf3c74db20bdd03",
            "content_sha1": "94effb792e01687627fbcb83eba1113068d0e8af",
            "content_sha256": "67f0ba41275b56bf16472c6d0e32a5d78c0cf386284f0e18cf1ba2b48f227c33",
            "content_sha512": "19eee08ce9312f013ecb8015a1d35efe270dc7743740dcc9612b0ab4d3f2af2f9c7f93f03736838bebf45d86a325a15d2761e1d371379cbf7a10771e0c9502e9",
            "directory_permission": "0777",
            "file_permission": "0777",
            "filename": "./src/environments/environments.ts",
            "id": "94effb792e01687627fbcb83eba1113068d0e8af",
            "sensitive_content": null,
            "source": null
          },
          "sensitive_attributes": [
            [
              {
                "type": "get_attr",
                "value": "content"
              }
            ]
          ],
          "dependencies": [
            "data.google_firebase_web_app_config.example",
            "data.google_project.project",
            "google_apikeys_key.generativelanguage",
            "google_firebase_web_app.example",
            "google_project_service.services"
          ]
        }
      ]
    },
    {
      "mode": "managed",
      "type": "local_file",
      "name": "firebaserc",
      "provider": "provider[\"registry.terraform.io/hashicorp/local\"]",
      "instances": [
        {
          "schema_version": 0,
          "attributes": {
            "content": "{\"projects\":{\"default\":\"deshkiawaaz-e492a\"}}",
            "content_base64": null,
            "content_base64sha256": "Sbr8ihzd4vedOrZxpl4bTXSeewj62HrGlVgj5ZkheTI=",
            "content_base64sha512": "VnKfzNQPquYMYP6eU1OmwPqlNuqaYX/dZR8aD8YRZFWYmffjeFItnf3zZJzfrNy3JkPpqg00GBXXnASOoGYeKA==",
            "content_md5": "1c50a28879ce75b0e66202fec422cd8d",
            "content_sha1": "6d41e2916a18216a79b1c96c96e106ed979a1d9e",
            "content_sha256": "49bafc8a1cdde2f79d3ab671a65e1b4d749e7b08fad87ac6955823e599217932",
            "content_sha512": "56729fccd40faae60c60fe9e5353a6c0faa536ea9a617fdd651f1a0fc61164559899f7e378522d9dfdf3649cdfacdcb72643e9aa0d341815d79c048ea0661e28",
            "directory_permission": "0777",
            "file_permission": "0777",
            "filename": "./.firebaserc",
            "id": "6d41e2916a18216a79b1c96c96e106ed979a1d9e",
            "sensitive_content": null,
            "source": null
          },
          "sensitive_attributes": []
        }
      ]
    },
    {
      "mode": "managed",
      "type": "local_file",
      "name": "firestore_rules",
      "provider": "provider[\"registry.terraform.io/hashicorp/local\"]",
      "instances": [
        {
          "schema_version": 0,
          "attributes": {
            "content": "service cloud.firestore {\n  match /databases/{database}/documents/{document=**} {\n    allow read, write: if request.auth != null \u0026\u0026 request.time \u003c timestamp.date(2025, 5, 11);\n  }\n}\n",
            "content_base64": null,
            "content_base64sha256": "rDV7zn+KOqh8zvRlR4dwUc51spIPBnjGJ+AzNLV+iQo=",
            "content_base64sha512": "NLIbYjsu7qmg296EUPGR8JIj/mljntKVbhJD+05AH6We/48oAh9Jtzzn8tBdbpryHOV3HLdx9jmWOSNqWYFcKA==",
            "content_md5": "03560fa4732261734562c20d0561f28d",
            "content_sha1": "cdb7220e5354dd8e05e058467fc295a5490561a6",
            "content_sha256": "ac357bce7f8a3aa87ccef46547877051ce75b2920f0678c627e03334b57e890a",
            "content_sha512": "34b21b623b2eeea9a0dbde8450f191f09223fe69639ed2956e1243fb4e401fa59eff8f28021f49b73ce7f2d05d6e9af21ce5771cb771f6399639236a59815c28",
            "directory_permission": "0777",
            "file_permission": "0777",
            "filename": "./firestore.rules",
            "id": "cdb7220e5354dd8e05e058467fc295a5490561a6",
            "sensitive_content": null,
            "source": null
          },
          "sensitive_attributes": []
        }
      ]
    }
  ],
  "check_results": null
}
